
Microsoft Visual Studio Solution File, Format Version 12.00
# Visual Studio Version 17
VisualStudioVersion = 17.7.34018.315
MinimumVisualStudioVersion = 10.0.40219.1
Project("{FAE04EC0-301F-11D3-BF4B-00C04F79EFBC}") = "blobby_guys", "blobby_guys.csproj", "{2E2ED006-2091-4E7C-9FDD-BD5C592CE4A8}"
EndProject
Global
	GlobalSection(SolutionConfigurationPlatforms) = preSolution
		Debug|Any CPU = Debug|Any CPU
		Release|Any CPU = Release|Any CPU
	EndGlobalSection
	GlobalSection(ProjectConfigurationPlatforms) = postSolution
		{2E2ED006-2091-4E7C-9FDD-BD5C592CE4A8}.Debug|Any CPU.ActiveCfg = Debug|Any CPU
		{2E2ED006-2091-4E7C-9FDD-BD5C592CE4A8}.Debug|Any CPU.Build.0 = Debug|Any CPU
		{2E2ED006-2091-4E7C-9FDD-BD5C592CE4A8}.Release|Any CPU.ActiveCfg = Release|Any CPU
		{2E2ED006-2091-4E7C-9FDD-BD5C592CE4A8}.Release|Any CPU.Build.0 = Release|Any CPU
	EndGlobalSection
	GlobalSection(SolutionProperties) = preSolution
		HideSolutionNode = FALSE
	EndGlobalSection
	GlobalSection(ExtensibilityGlobals) = postSolution
		SolutionGuid = {85CC42A3-634E-42C8-BF23-438181C85548}
	EndGlobalSection
EndGlobal
